# Generated by conda-lock.
# platform: linux-64
# input_hash: b11efdfc3c85e06c9ce787b59642de60880b69a5dc26709ecac470cdb24b305c
@EXPLICIT
https://conda.anaconda.org/conda-forge/linux-64/_libgcc_mutex-0.1-conda_forge.tar.bz2#d7c89558ba9fa0495403155b64376d81
https://conda.anaconda.org/conda-forge/linux-64/ca-certificates-2024.7.4-hbcca054_0.conda#23ab7665c5f63cfb9f1f6195256daac6
https://conda.anaconda.org/conda-forge/linux-64/ld_impl_linux-64-2.40-hf3520f5_7.conda#b80f2f396ca2c28b8c14c437a4ed1e74
https://conda.anaconda.org/conda-forge/linux-64/mkl-include-2022.1.0-h84fe81f_915.tar.bz2#2dcd1acca05c11410d4494d7fc7dfa2a
https://conda.anaconda.org/conda-forge/linux-64/python_abi-3.10-4_cp310.conda#26322ec5d7712c3ded99dd656142b8ce
https://conda.anaconda.org/pytorch/noarch/pytorch-mutex-1.0-cpu.tar.bz2#49565ed726991fd28d08a39885caa88d
https://conda.anaconda.org/conda-forge/noarch/tzdata-2024a-h0c530f3_0.conda#161081fc7cec0bfda0d86d7cb595f8d8
https://conda.anaconda.org/conda-forge/linux-64/_openmp_mutex-4.5-2_kmp_llvm.tar.bz2#562b26ba2e19059551a811e72ab7f793
https://conda.anaconda.org/conda-forge/linux-64/libgcc-ng-14.1.0-h77fa898_0.conda#ca0fad6a41ddaef54a153b78eccb5037
https://conda.anaconda.org/conda-forge/linux-64/aws-c-common-0.9.0-hd590300_0.conda#71b89db63b5b504e7afc8ad901172e1e
https://conda.anaconda.org/conda-forge/linux-64/bzip2-1.0.8-h4bc722e_7.conda#62ee74e96c5ebb0af99386de58cf9553
https://conda.anaconda.org/conda-forge/linux-64/c-ares-1.32.3-h4bc722e_0.conda#7624e34ee6baebfc80d67bac76cc9d9d
https://conda.anaconda.org/conda-forge/linux-64/giflib-5.2.2-hd590300_0.conda#3bf7b9fd5a7136126e0234db4b87c8b6
https://conda.anaconda.org/conda-forge/linux-64/keyutils-1.6.1-h166bdaf_0.tar.bz2#30186d27e2c9fa62b45fb1476b7200e3
https://conda.anaconda.org/conda-forge/linux-64/libbrotlicommon-1.0.9-h166bdaf_9.conda#61641e239f96eae2b8492dc7e755828c
https://conda.anaconda.org/conda-forge/linux-64/libev-4.33-hd590300_2.conda#172bf1cd1ff8629f2b1179945ed45055
https://conda.anaconda.org/conda-forge/linux-64/libffi-3.4.2-h7f98852_5.tar.bz2#d645c6d2ac96843a2bfaccd2d62b3ac3
https://conda.anaconda.org/conda-forge/linux-64/libgfortran5-14.1.0-hc5f4f2c_0.conda#6456c2620c990cd8dde2428a27ba0bc5
https://conda.anaconda.org/conda-forge/linux-64/libiconv-1.17-hd590300_2.conda#d66573916ffcf376178462f1b61c941e
https://conda.anaconda.org/conda-forge/linux-64/libjpeg-turbo-3.0.0-hd590300_1.conda#ea25936bb4080d843790b586850f82b8
https://conda.anaconda.org/conda-forge/linux-64/libnsl-2.0.1-hd590300_0.conda#30fd6e37fe21f86f4bd26d6ee73eeec7
https://conda.anaconda.org/conda-forge/linux-64/libnuma-2.0.18-h4ab18f5_2.conda#a263760479dbc7bc1f3df12707bd90dc
https://conda.anaconda.org/conda-forge/linux-64/libstdcxx-ng-14.1.0-hc0a3c3a_0.conda#1cb187a157136398ddbaae90713e2498
https://conda.anaconda.org/conda-forge/linux-64/libutf8proc-2.8.0-h166bdaf_0.tar.bz2#ede4266dc02e875fe1ea77b25dd43747
https://conda.anaconda.org/conda-forge/linux-64/libuuid-2.38.1-h0b41bf4_0.conda#40b61aab5c7ba9ff276c41cfffe6b80b
https://conda.anaconda.org/conda-forge/linux-64/libuv-1.48.0-hd590300_0.conda#7e8b914b1062dd4386e3de4d82a3ead6
https://conda.anaconda.org/conda-forge/linux-64/libxcrypt-4.4.36-hd590300_1.conda#5aa797f8787fe7a17d1b0821485b5adc
https://conda.anaconda.org/conda-forge/linux-64/libzlib-1.3.1-h4ab18f5_1.conda#57d7dc60e9325e3de37ff8dffd18e814
https://conda.anaconda.org/conda-forge/linux-64/ncurses-6.5-h59595ed_0.conda#fcea371545eda051b6deafb24889fc69
https://conda.anaconda.org/conda-forge/linux-64/openssl-3.3.1-h4bc722e_2.conda#e1b454497f9f7c1147fdde4b53f1b512
https://conda.anaconda.org/conda-forge/linux-64/xxhash-0.8.2-hd590300_0.conda#f08fb5c89edfc4aadee1c81d4cfb1fa1
https://conda.anaconda.org/conda-forge/linux-64/xz-5.2.6-h166bdaf_0.tar.bz2#2161070d867d1b1204ea749c8eec4ef0
https://conda.anaconda.org/conda-forge/linux-64/yaml-0.2.5-h7f98852_2.tar.bz2#4cb3ad778ec2d5a7acbdf254eb1c42ae
https://conda.anaconda.org/conda-forge/linux-64/aws-c-cal-0.6.1-hc309b26_1.conda#cc09293a2c2b7fd77aff284f370c12c0
https://conda.anaconda.org/conda-forge/linux-64/aws-c-compression-0.2.17-h4d4d85c_2.conda#9ca99452635fe03eb5fa937f5ae604b0
https://conda.anaconda.org/conda-forge/linux-64/aws-c-sdkutils-0.1.12-h4d4d85c_1.conda#eba092fc6de212a01de0065f38fe8bbb
https://conda.anaconda.org/conda-forge/linux-64/aws-checksums-0.1.17-h4d4d85c_1.conda#30f9df85ce23cd14faa9a4dfa50cca2b
https://conda.anaconda.org/conda-forge/linux-64/flatbuffers-23.5.26-h59595ed_1.conda#913a1c6fd00b66f33392a129e835ceca
https://conda.anaconda.org/conda-forge/linux-64/gflags-2.2.2-he1b5a44_1004.tar.bz2#cddaf2c63ea4a5901cf09524c490ecdc
https://conda.anaconda.org/conda-forge/linux-64/gmp-6.3.0-hac33072_2.conda#c94a5994ef49749880a8139cf9afcbe1
https://conda.anaconda.org/conda-forge/linux-64/icu-73.2-h59595ed_0.conda#cc47e1facc155f91abd89b11e48e72ff
https://conda.anaconda.org/conda-forge/linux-64/libabseil-20230125.3-cxx17_h59595ed_0.conda#d1db1b8be7c3a8983dcbbbfe4f0765de
https://conda.anaconda.org/conda-forge/linux-64/libaec-1.1.3-h59595ed_0.conda#5e97e271911b8b2001a8b71860c32faa
https://conda.anaconda.org/conda-forge/linux-64/libbrotlidec-1.0.9-h166bdaf_9.conda#081aa22f4581c08e4372b0b6c2f8478e
https://conda.anaconda.org/conda-forge/linux-64/libbrotlienc-1.0.9-h166bdaf_9.conda#1f0a03af852a9659ed2bf08f2f1704fd
https://conda.anaconda.org/conda-forge/linux-64/libcrc32c-1.1.2-h9c3ff4c_0.tar.bz2#c965a5aa0d5c1c37ffc62dff36e28400
https://conda.anaconda.org/conda-forge/linux-64/libedit-3.1.20191231-he28a2e2_2.tar.bz2#4d331e44109e3f0e19b4cb8f9b82f3e1
https://conda.anaconda.org/conda-forge/linux-64/libevent-2.1.12-hf998b51_1.conda#a1cfcc585f0c42bf8d5546bb1dfb668d
https://conda.anaconda.org/conda-forge/linux-64/libgfortran-ng-14.1.0-h69a702a_0.conda#f4ca84fbd6d06b0a052fb2d5b96dde41
https://conda.anaconda.org/conda-forge/linux-64/libllvm14-14.0.6-hcd5def8_4.conda#73301c133ded2bf71906aa2104edae8b
https://conda.anaconda.org/conda-forge/linux-64/libnghttp2-1.58.0-h47da74e_1.conda#700ac6ea6d53d5510591c4344d5c989a
https://conda.anaconda.org/conda-forge/linux-64/libpng-1.6.43-h2797004_0.conda#009981dd9cfcaa4dbfa25ffaed86bcae
https://conda.anaconda.org/conda-forge/linux-64/libprotobuf-3.21.12-hfc55251_2.conda#e3a7d4ba09b8dc939b98fef55f539220
https://conda.anaconda.org/conda-forge/linux-64/libsqlite-3.46.0-hde9e2c9_0.conda#18aa975d2094c34aef978060ae7da7d8
https://conda.anaconda.org/conda-forge/linux-64/libssh2-1.11.0-h0841786_0.conda#1f5a58e686b13bcfde88b93f547d23fe
https://conda.anaconda.org/conda-forge/linux-64/libunwind-1.6.2-h9c3ff4c_0.tar.bz2#a730b2badd586580c5752cc73842e068
https://conda.anaconda.org/conda-forge/linux-64/llvm-openmp-15.0.7-h0cdce71_0.conda#589c9a3575a050b583241c3d688ad9aa
https://conda.anaconda.org/conda-forge/linux-64/lz4-c-1.9.4-hcb278e6_0.conda#318b08df404f9c9be5712aaa5a6f0bb0
https://conda.anaconda.org/conda-forge/linux-64/re2-2023.03.02-h8c504da_0.conda#206f8fa808748f6e90599c3368a1114e
https://conda.anaconda.org/conda-forge/linux-64/readline-8.2-h8228510_1.conda#47d31b792659ce70f470b5c82fdfb7a4
https://conda.anaconda.org/conda-forge/linux-64/s2n-1.3.49-h06160fa_0.conda#1d78349eb26366ecc034a4afe70a8534
https://conda.anaconda.org/conda-forge/linux-64/snappy-1.1.10-hdb0a2a9_1.conda#78b8b85bdf1f42b8a2b3cb577d8742d1
https://conda.anaconda.org/conda-forge/linux-64/tk-8.6.13-noxft_h4845f30_101.conda#d453b98d9c83e71da0741bb0ff4d76bc
https://conda.anaconda.org/conda-forge/linux-64/ucx-1.14.1-h0aa22dc_2.conda#221632ba76f3c2bb58f1db59911548e7
https://conda.anaconda.org/conda-forge/linux-64/zlib-1.3.1-h4ab18f5_1.conda#9653f1bf3766164d0e65fa723cabbc54
https://conda.anaconda.org/conda-forge/linux-64/zstd-1.5.6-ha6fb4c9_0.conda#4d056880988120e29d75bfff282e0f45
https://conda.anaconda.org/conda-forge/linux-64/aws-c-io-0.13.32-he9a53bd_1.conda#8a24e5820f4a0ffd2ed9c4722cd5d7ca
https://conda.anaconda.org/conda-forge/linux-64/glog-0.6.0-h6f12383_0.tar.bz2#b31f3565cb84435407594e548a2fb7b2
https://conda.anaconda.org/conda-forge/linux-64/krb5-1.21.3-h659f571_0.conda#3f43953b7d3fb3aaa1d0d0723d91e368
https://conda.anaconda.org/conda-forge/linux-64/libgrpc-1.54.3-hb20ce57_0.conda#7af7c59ab24db007dfd82e0a3a343f66
https://conda.anaconda.org/conda-forge/linux-64/libsentencepiece-0.1.99-h180e1df_0.conda#056064bd3ef47439e3e78fac28449fbf
https://conda.anaconda.org/conda-forge/linux-64/libthrift-0.18.1-h8fd135c_2.conda#bbf65f7688512872f063810623b755dc
https://conda.anaconda.org/conda-forge/linux-64/libxml2-2.12.7-h4c95cb1_3.conda#0ac9aff6010a7751961c8e4b863a40e7
https://conda.anaconda.org/conda-forge/linux-64/mpfr-4.2.1-h9458935_1.conda#8083b20f566639c22f78bcd6ca35b276
https://conda.anaconda.org/conda-forge/linux-64/nodejs-20.12.2-hb753e55_0.conda#1fd16ca757a195c4357a1fbb2cb553b5
https://conda.anaconda.org/conda-forge/linux-64/orc-1.9.0-h2f23424_1.conda#9571eb3eb0f7fe8b59956a7786babbcd
https://conda.anaconda.org/conda-forge/linux-64/py-spy-0.3.14-h87a5ac0_0.tar.bz2#280f7f1025ef7c729d4c81d70540c8ad
https://conda.anaconda.org/conda-forge/linux-64/python-3.10.13-hd12c33a_1_cpython.conda#ed38140af93f81319ebc472fbcf16cca
https://conda.anaconda.org/conda-forge/noarch/absl-py-2.1.0-pyhd8ed1ab_0.conda#035d1d58677c13ec93122d9eb6b8803b
https://conda.anaconda.org/conda-forge/noarch/aiofiles-23.2.1-pyhd8ed1ab_0.conda#a2ee5b45771a700cf442a2edb151594e
https://conda.anaconda.org/conda-forge/noarch/attrs-23.2.0-pyh71513ae_0.conda#5e4c0743c70186509d1412e03c2d8dfa
https://conda.anaconda.org/conda-forge/linux-64/aws-c-event-stream-0.3.1-h2e3709c_4.conda#2cf21b1cbc1c096a28ffa2892257a2c1
https://conda.anaconda.org/conda-forge/linux-64/aws-c-http-0.7.11-h00aa349_4.conda#cb932dff7328ff620ce8059c9968b095
https://conda.anaconda.org/conda-forge/noarch/blinker-1.8.2-pyhd8ed1ab_0.conda#cf85c002319c15e9721934104aaa1137
https://conda.anaconda.org/conda-forge/linux-64/brotli-python-1.0.9-py310hd8f1fbe_9.conda#e2047ad2af52c01845f58b580c6cbd5c
https://conda.anaconda.org/conda-forge/noarch/cached_property-1.5.2-pyha770c72_1.tar.bz2#576d629e47797577ab0f1b351297ef4a
https://conda.anaconda.org/conda-forge/noarch/cachetools-5.4.0-pyhd8ed1ab_0.conda#c55fbbc5bac8e9efbba71c0d1ed57713
https://conda.anaconda.org/conda-forge/linux-64/catalogue-2.0.10-py310hff52083_0.conda#a20390cd5f5fe4d8c5f6f2e7fa6c54cf
https://conda.anaconda.org/conda-forge/noarch/certifi-2024.7.4-pyhd8ed1ab_0.conda#24e7fd6ca65997938fff9e5ab6f653e4
https://conda.anaconda.org/conda-forge/noarch/charset-normalizer-3.3.2-pyhd8ed1ab_0.conda#7f4a9e3fcff3f6356ae99244a014da6a
https://conda.anaconda.org/conda-forge/noarch/click-8.1.7-unix_pyh707e725_0.conda#f3ad426304898027fc619827ff428eca
https://conda.anaconda.org/conda-forge/noarch/colorama-0.4.6-pyhd8ed1ab_0.tar.bz2#3faab06a954c2a04039983f2c4a50d99
https://conda.anaconda.org/conda-forge/linux-64/cymem-2.0.8-py310hc6cd4ac_1.conda#8e4dada89998e0cb4f97b835dff6dc7e
https://conda.anaconda.org/conda-forge/noarch/dataclasses-0.8-pyhc8e2a94_3.tar.bz2#a362b2124b06aad102e2ee4581acee7d
https://conda.anaconda.org/conda-forge/noarch/dill-0.3.7-pyhd8ed1ab_0.conda#5e4f3466526c52bc9af2d2353a1460bd
https://conda.anaconda.org/conda-forge/noarch/diskcache-5.6.3-pyhd8ed1ab_0.conda#4c33109f652b5d8c995ab243436c9370
https://conda.anaconda.org/conda-forge/noarch/distlib-0.3.8-pyhd8ed1ab_0.conda#db16c66b759a64dc5183d69cc3745a52
https://conda.anaconda.org/conda-forge/noarch/einops-0.7.0-pyhd8ed1ab_1.conda#1641890c9375ddb22381f3eb9ac157df
https://conda.anaconda.org/conda-forge/noarch/exceptiongroup-1.2.2-pyhd8ed1ab_0.conda#d02ae936e42063ca46af6cdad2dbd1e0
https://conda.anaconda.org/conda-forge/noarch/filelock-3.15.4-pyhd8ed1ab_0.conda#0e7e4388e9d5283e22b35a9443bdbcc9
https://conda.anaconda.org/conda-forge/linux-64/frozenlist-1.4.1-py310h2372a71_0.conda#f20cd4d9c1f4a8377d0818c819918bbb
https://conda.anaconda.org/conda-forge/noarch/fsspec-2024.6.1-pyhff2d567_0.conda#996bf792cdb8c0ac38ff54b9fde56841
https://conda.anaconda.org/conda-forge/noarch/gast-0.5.5-pyhd8ed1ab_0.conda#ebc1dc871c48673a0a922023a2e1eee2
https://conda.anaconda.org/conda-forge/linux-64/grpcio-1.54.3-py310heca2aa9_0.conda#7c82ea96968976ee2eb66a52f2decd8e
https://conda.anaconda.org/conda-forge/noarch/hpack-4.0.0-pyh9f0ad1d_0.tar.bz2#914d6646c4dbb1fd3ff539830a12fd71
https://conda.anaconda.org/conda-forge/noarch/hyperframe-6.0.1-pyhd8ed1ab_0.tar.bz2#9f765cbfab6870c8435b9eefecd7a1f4
https://conda.anaconda.org/conda-forge/noarch/idna-3.7-pyhd8ed1ab_0.conda#c0cc1420498b17414d8617d0b9f506ca
https://conda.anaconda.org/conda-forge/noarch/iniconfig-2.0.0-pyhd8ed1ab_0.conda#f800d2da156d08e289b14e87e43c1ae5
https://conda.anaconda.org/conda-forge/noarch/keras-2.13.1-pyhd8ed1ab_0.conda#2859446371c82580dc7924859b5007cb
https://conda.anaconda.org/conda-forge/linux-64/libcurl-8.9.0-hdb1bdb2_0.conda#5badfbdb2688d8aaca7bd3c98d557b97
https://conda.anaconda.org/conda-forge/linux-64/libhwloc-2.11.1-default_hecaa2ac_1000.conda#f54aeebefb5c5ff84eca4fb05ca8aa3a
https://conda.anaconda.org/conda-forge/linux-64/llvmlite-0.41.1-py310h1b8f574_0.conda#70dc1a1c4b77e1c57ca9f87ac75d9812
https://conda.anaconda.org/conda-forge/linux-64/loguru-0.7.2-py310hff52083_1.conda#157e6221a079a60c7f6f6fcb87c722aa
https://conda.anaconda.org/conda-forge/linux-64/marisa-trie-1.1.0-py310hc6cd4ac_1.conda#489666ac9bf10ee025a7f6fd1c7479e7
https://conda.anaconda.org/conda-forge/linux-64/markupsafe-2.1.5-py310h2372a71_0.conda#f6703fa0214a00bf49d1bef6dc7672d0
https://conda.anaconda.org/conda-forge/noarch/mdurl-0.1.2-pyhd8ed1ab_0.conda#776a8dd9e824f77abac30e6ef43a8f7a
https://conda.anaconda.org/conda-forge/linux-64/mpc-1.3.1-hfe3b2da_0.conda#289c71e83dc0daa7d4c81f04180778ca
https://conda.anaconda.org/conda-forge/noarch/mpmath-1.3.0-pyhd8ed1ab_0.conda#dbf6e2d89137da32fa6670f3bffc024e
https://conda.anaconda.org/conda-forge/linux-64/msgpack-python-1.0.8-py310h25c7140_0.conda#ad681a3290620ca6196bcd46ed3101cd
https://conda.anaconda.org/conda-forge/linux-64/multidict-6.0.5-py310h2372a71_0.conda#d4c91d19e4f2f18b64753ac660edad79
https://conda.anaconda.org/conda-forge/linux-64/murmurhash-1.0.10-py310hc6cd4ac_1.conda#2b0c4b4532c601ece4537cc7f3558464
https://conda.anaconda.org/conda-forge/noarch/networkx-3.3-pyhd8ed1ab_1.conda#d335fd5704b46f4efb89a6774e81aef0
https://conda.anaconda.org/conda-forge/noarch/nvidia-ml-py-12.555.43-pyhd8ed1ab_0.conda#611d479fdde4a1a6a1c696117fb32107
https://conda.anaconda.org/conda-forge/linux-64/opencensus-context-0.1.3-py310hff52083_2.conda#ccaa5941cf4dbd3ce66773693e69fc83
https://conda.anaconda.org/conda-forge/noarch/packaging-24.1-pyhd8ed1ab_0.conda#cbe1bb1f21567018ce595d9c2be0f0db
https://conda.anaconda.org/conda-forge/noarch/pkgutil-resolve-name-1.3.10-pyhd8ed1ab_1.conda#405678b942f2481cecdb3e010f4925d9
https://conda.anaconda.org/conda-forge/noarch/pluggy-1.5.0-pyhd8ed1ab_0.conda#d3483c8fc2dc2cc3f5cf43e26d60cabf
https://conda.anaconda.org/conda-forge/noarch/prometheus_client-0.20.0-pyhd8ed1ab_0.conda#9a19b94034dd3abb2b348c8b93388035
https://conda.anaconda.org/conda-forge/linux-64/psutil-6.0.0-py310hc51659f_0.conda#b04405826f96f4eb2f502e642d121bb5
https://conda.anaconda.org/conda-forge/noarch/pyasn1-0.6.0-pyhd8ed1ab_0.conda#d528d00a110a974e75aa6db6a4f04dc7
https://conda.anaconda.org/conda-forge/noarch/pycparser-2.22-pyhd8ed1ab_0.conda#844d9eb3b43095b031874477f7d70088
https://conda.anaconda.org/conda-forge/noarch/pygments-2.18.0-pyhd8ed1ab_0.conda#b7f5c092b8f9800150d998a71b76d5a1
https://conda.anaconda.org/conda-forge/noarch/pyjwt-2.8.0-pyhd8ed1ab_1.conda#74f76d4868dbba5870f2cf1d9b12d8f3
https://conda.anaconda.org/conda-forge/noarch/pysocks-1.7.1-pyha2e5f31_6.tar.bz2#2a7de29fb590ca14b5243c4c812c8025
https://conda.anaconda.org/conda-forge/noarch/python-flatbuffers-24.3.25-pyh59ac667_0.conda#dfc884dcd61ff6543fde37a41b7d7f31
https://conda.anaconda.org/conda-forge/noarch/python-tzdata-2024.1-pyhd8ed1ab_0.conda#98206ea9954216ee7540f0c773f2104d
https://conda.anaconda.org/conda-forge/linux-64/python-xxhash-3.4.1-py310h2372a71_0.conda#b631b889b0b4bc2fca7b8b977ca484b2
https://conda.anaconda.org/conda-forge/noarch/pytz-2024.1-pyhd8ed1ab_0.conda#3eeeeb9e4827ace8c0c1419c85d590ad
https://conda.anaconda.org/conda-forge/linux-64/pyyaml-6.0.1-py310h2372a71_1.conda#bb010e368de4940771368bc3dc4c63e7
https://conda.anaconda.org/conda-forge/linux-64/regex-2024.7.24-py310h5b4e0ec_0.conda#b8b20692fca7f60a11d18c694cfce91d
https://conda.anaconda.org/conda-forge/linux-64/rpds-py-0.19.1-py310h42e942d_0.conda#e475e081b969944abf635b7484b8661e
https://conda.anaconda.org/conda-forge/linux-64/safetensors-0.4.3-py310hcb5633a_0.conda#5d7801c2d925036eb1c432d149501165
https://conda.anaconda.org/conda-forge/linux-64/sentencepiece-python-0.1.99-py310hebdb9f0_0.conda#b3a5908ac3912b26d6a8b77faebe6eca
https://conda.anaconda.org/conda-forge/linux-64/sentencepiece-spm-0.1.99-h180e1df_0.conda#c67cc412366709c1c3225f19f8aed63b
https://conda.anaconda.org/conda-forge/linux-64/setproctitle-1.3.3-py310h2372a71_0.conda#b314e2f8c4fa84128f92be38657bb236
https://conda.anaconda.org/conda-forge/noarch/setuptools-71.0.4-pyhd8ed1ab_0.conda#ee78ac9c720d0d02fcfd420866b82ab1
https://conda.anaconda.org/conda-forge/noarch/shellingham-1.5.4-pyhd8ed1ab_0.conda#d08db09a552699ee9e7eec56b4eb3899
https://conda.anaconda.org/conda-forge/noarch/six-1.16.0-pyh6c4a22f_0.tar.bz2#e5f25f8dbc060e9a8d912e432202afc2
https://conda.anaconda.org/conda-forge/noarch/smart_open-5.2.1-pyhd8ed1ab_0.tar.bz2#c7a838c38e38c82edde371a9054e6c92
https://conda.anaconda.org/conda-forge/noarch/spacy-legacy-3.0.12-pyhd8ed1ab_0.conda#bbe68ced56ea855f0223c329f1fd2fc0
https://conda.anaconda.org/conda-forge/noarch/spacy-loggers-1.0.5-pyhd8ed1ab_0.conda#017fa97ac8c29416983dc9e67b27f6c8
https://conda.anaconda.org/conda-forge/linux-64/tensorboard-data-server-0.7.0-py310h75e40e8_1.conda#e562478facfa960813945204273ecac5
https://conda.anaconda.org/conda-forge/noarch/termcolor-2.4.0-pyhd8ed1ab_0.conda#a5033708ad9283907c3b1bc1f90d0d0d
https://conda.anaconda.org/conda-forge/noarch/threadpoolctl-3.5.0-pyhc1e730c_0.conda#df68d78237980a159bd7149f33c0e8fd
https://conda.anaconda.org/conda-forge/noarch/tomli-2.0.1-pyhd8ed1ab_0.tar.bz2#5844808ffab9ebdb694585b50ba02a96
https://conda.anaconda.org/conda-forge/noarch/typing_extensions-4.5.0-pyha770c72_0.conda#43e7d9e50261fb11deb76e17d8431aac
https://conda.anaconda.org/conda-forge/linux-64/wasabi-1.1.2-py310hff52083_1.conda#c022ffc8ca7be0a9622a3d757a532219
https://conda.anaconda.org/conda-forge/noarch/wcwidth-0.2.13-pyhd8ed1ab_0.conda#68f0738df502a14213624b288c60c9ad
https://conda.anaconda.org/conda-forge/noarch/wheel-0.43.0-pyhd8ed1ab_1.conda#0b5293a157c2b5cd513dd1b03d8d3aae
https://conda.anaconda.org/conda-forge/linux-64/wrapt-1.16.0-py310h2372a71_0.conda#d9dc9c45bdc2b38403e6b388581e92f0
https://conda.anaconda.org/conda-forge/noarch/zipp-3.19.2-pyhd8ed1ab_0.conda#49808e59df5535116f6878b2a820d6f4
https://conda.anaconda.org/conda-forge/noarch/aiosignal-1.3.1-pyhd8ed1ab_0.tar.bz2#d1e1eb7e21a9e2c74279d87dafb68156
https://conda.anaconda.org/conda-forge/noarch/astunparse-1.6.3-pyhd8ed1ab_0.tar.bz2#000b6f68a0bfaba800ced7500c11780f
https://conda.anaconda.org/conda-forge/linux-64/aws-c-auth-0.7.3-h28f7589_1.conda#97503d3e565004697f1651753aa95b9e
https://conda.anaconda.org/conda-forge/linux-64/aws-c-mqtt-0.9.3-hb447be9_1.conda#c520669eb0be9269a5f0d8ef62531882
https://conda.anaconda.org/conda-forge/noarch/blessed-1.19.1-pyhe4f9e05_2.tar.bz2#65486376a55a80933e5dd95681ddd8b8
https://conda.anaconda.org/conda-forge/noarch/cached-property-1.5.2-hd8ed1ab_1.tar.bz2#9b347a7ec10940d3f7941ff6c460b551
https://conda.anaconda.org/conda-forge/linux-64/cffi-1.16.0-py310h2fee648_0.conda#45846a970e71ac98fd327da5d40a0a2c
https://conda.anaconda.org/conda-forge/noarch/colorful-0.5.6-pyhd8ed1ab_0.conda#a75276da977eecc9224dea358576e2ec
https://conda.anaconda.org/conda-forge/linux-64/gmpy2-2.1.5-py310hc7909c9_1.conda#c22f487e9f1463c6650c2e37e9193e79
https://conda.anaconda.org/conda-forge/noarch/google-pasta-0.2.0-pyh8c360ce_0.tar.bz2#26e27d7d3d7fe2336b543dd8e0f12cbf
https://conda.anaconda.org/conda-forge/noarch/h2-4.1.0-pyhd8ed1ab_0.tar.bz2#b748fbf7060927a6e82df7cb5ee8f097
https://conda.anaconda.org/conda-forge/linux-64/hdf5-1.14.3-nompi_hdf9ad27_105.conda#7e1729554e209627636a0f6fabcdd115
https://conda.anaconda.org/conda-forge/noarch/importlib-metadata-8.2.0-pyha770c72_0.conda#c261d14fc7f49cdd403868998a18c318
https://conda.anaconda.org/conda-forge/noarch/importlib_resources-6.4.0-pyhd8ed1ab_0.conda#c5d3907ad8bd7bf557521a1833cf7e6d
https://conda.anaconda.org/conda-forge/noarch/jinja2-3.1.4-pyhd8ed1ab_0.conda#7b86ecb7d3557821c649b3c31e3eb9f2
https://conda.anaconda.org/conda-forge/noarch/joblib-1.4.2-pyhd8ed1ab_0.conda#25df261d4523d9f9783bcdb7208d872f
https://conda.anaconda.org/conda-forge/noarch/language-data-1.2.0-pyhd8ed1ab_0.conda#327e4493631a600458cddf405cf08e85
https://conda.anaconda.org/conda-forge/linux-64/libgoogle-cloud-2.12.0-hac9eb74_1.conda#0dee716254497604762957076ac76540
https://conda.anaconda.org/conda-forge/noarch/lightning-utilities-0.11.6-pyhd8ed1ab_0.conda#d11cdcbb48ed0599bd514f4e559326f8
https://conda.anaconda.org/conda-forge/noarch/markdown-it-py-3.0.0-pyhd8ed1ab_0.conda#93a8e71256479c62074356ef6ebf501b
https://conda.anaconda.org/conda-forge/linux-64/multiprocess-0.70.15-py310h2372a71_1.conda#81644426a6bb61245ffadc49b5aa9a14
https://conda.anaconda.org/conda-forge/noarch/pip-23.3.2-pyhd8ed1ab_0.conda#8591c748f98dcc02253003533bc2e4b1
https://conda.anaconda.org/conda-forge/linux-64/preshed-3.0.9-py310hc6cd4ac_1.conda#a2a27c2eafd1e280555ae954df088fc3
https://conda.anaconda.org/conda-forge/linux-64/protobuf-4.21.12-py310heca2aa9_0.conda#90bb7e1b729c4b50272cf78be97ab912
https://conda.anaconda.org/conda-forge/noarch/pyasn1-modules-0.4.0-pyhd8ed1ab_0.conda#8e40d7b2b3bdf9f3cab88d93d7dfaf3b
https://conda.anaconda.org/conda-forge/noarch/pytest-7.4.4-pyhd8ed1ab_0.conda#a9d145de8c5f064b5fa68fb34725d9f4
https://conda.anaconda.org/conda-forge/noarch/python-dateutil-2.9.0-pyhd8ed1ab_0.conda#2cf4264fffb9e6eff6031c5b6884d61c
https://conda.anaconda.org/conda-forge/noarch/pyu2f-0.1.5-pyhd8ed1ab_0.tar.bz2#caabbeaa83928d0c3e3949261daa18eb
https://conda.anaconda.org/conda-forge/noarch/referencing-0.35.1-pyhd8ed1ab_0.conda#0fc8b52192a8898627c3efae1003e9f6
https://conda.anaconda.org/conda-forge/noarch/rsa-4.9-pyhd8ed1ab_0.tar.bz2#03bf410858b2cefc267316408a77c436
https://conda.anaconda.org/conda-forge/linux-64/sentencepiece-0.1.99-hff52083_0.conda#578969452de13e4ad69edf18ee2b3d5a
https://conda.anaconda.org/conda-forge/linux-64/srsly-2.4.8-py310hc6cd4ac_1.conda#7cd9d4be6f55ccb53cbd7125f2e6a0fb
https://conda.anaconda.org/conda-forge/linux-64/tbb-2021.12.0-h434a139_3.conda#c667c11d1e488a38220ede8a34441bff
https://conda.anaconda.org/conda-forge/noarch/tqdm-4.66.4-pyhd8ed1ab_0.conda#e74cd796e70a4261f86699ee0a3a7a24
https://conda.anaconda.org/conda-forge/noarch/typing-extensions-4.5.0-hd8ed1ab_0.conda#b3c594fde1a80a1fc3eb9cc4a5dfe392
https://conda.anaconda.org/conda-forge/noarch/werkzeug-3.0.3-pyhd8ed1ab_0.conda#2e60f5f388845027ee87fca6bee4ac23
https://conda.anaconda.org/conda-forge/linux-64/yarl-1.9.4-py310h2372a71_0.conda#4ad35c8f6a64a6ab708780dad603aef4
https://conda.anaconda.org/conda-forge/noarch/async-timeout-4.0.3-pyhd8ed1ab_0.conda#3ce482ec3066e6d809dbbb1d1679f215
https://conda.anaconda.org/conda-forge/linux-64/aws-c-s3-0.3.14-hf3aad02_1.conda#a968ffa7e9fe0c257628033d393e512f
https://conda.anaconda.org/conda-forge/noarch/cloudpathlib-0.16.0-pyhd8ed1ab_0.conda#8d75941f621306e58b7642394a8bad87
https://conda.anaconda.org/conda-forge/linux-64/cryptography-42.0.8-py310hb1bd9d3_0.conda#90f979ae54910d4e256d9fa34de71b4d
https://conda.anaconda.org/conda-forge/noarch/googleapis-common-protos-1.63.2-pyhd8ed1ab_0.conda#2932e8c15f7836f47006309a373ff179
https://conda.anaconda.org/conda-forge/noarch/gpustat-1.1.1-pyhd8ed1ab_0.conda#238ff6966baabf709cc9f9d4fad28e86
https://conda.anaconda.org/conda-forge/noarch/importlib_metadata-8.2.0-hd8ed1ab_0.conda#0fd030dce707a6654472cf7619b0b01b
https://conda.anaconda.org/conda-forge/noarch/jsonschema-specifications-2023.12.1-pyhd8ed1ab_0.conda#a0e4efb5f35786a05af4809a2fb1f855
https://conda.anaconda.org/conda-forge/noarch/langcodes-3.4.0-pyhd8ed1ab_0.conda#9e7ff0b98c28359ea1f3ae7cebda7e5f
https://conda.anaconda.org/conda-forge/noarch/markdown-3.6-pyhd8ed1ab_0.conda#06e9bebf748a0dea03ecbe1f0e27e909
https://conda.anaconda.org/conda-forge/linux-64/mkl-2022.1.0-h84fe81f_915.tar.bz2#b9c8f925797a93dbff45e1626b025a6b
https://conda.anaconda.org/conda-forge/noarch/platformdirs-3.5.1-pyhd8ed1ab_0.conda#e2be672aece1f060adf7154f76531a35
https://conda.anaconda.org/conda-forge/noarch/proto-plus-1.23.0-pyhd8ed1ab_0.conda#26c043ffe1c027eaed894d70ea04a18d
https://conda.anaconda.org/conda-forge/linux-64/pydantic-1.10.16-py310hc51659f_0.conda#bf9f698357ba880c0b1b7f44541227fa
https://conda.anaconda.org/conda-forge/noarch/rich-13.7.1-pyhd8ed1ab_0.conda#ba445bf767ae6f0d959ff2b40c20912b
https://conda.anaconda.org/conda-forge/noarch/sacremoses-0.0.53-pyhd8ed1ab_0.tar.bz2#76c3c384fe0941f1b08193736e8e277a
https://conda.anaconda.org/conda-forge/noarch/sympy-1.13.0-pypyh2585a3b_103.conda#be7ad175eb670a83ff575f86e53c57fb
https://conda.anaconda.org/conda-forge/linux-64/zstandard-0.23.0-py310h64cae3c_0.conda#b527de1849629f2635dafc77745b015a
https://conda.anaconda.org/conda-forge/linux-64/aiohttp-3.8.5-py310h2372a71_0.conda#0b05c509a96d0bf4bb424fe184170795
https://conda.anaconda.org/conda-forge/linux-64/aws-crt-cpp-0.21.0-hb942446_5.conda#07d92ed5403ad7b5c66ffd7d5b8f7e57
https://conda.anaconda.org/conda-forge/linux-64/confection-0.1.4-py310h17c5347_0.conda#72b63825959fc040cab8ed0f12f2040e
https://conda.anaconda.org/conda-forge/noarch/jsonpickle-3.0.2-pyhd8ed1ab_1.conda#f351864256e291b24b5a3bedda184bff
https://conda.anaconda.org/conda-forge/noarch/jsonschema-4.23.0-pyhd8ed1ab_0.conda#da304c192ad59975202859b367d0f6a2
https://conda.anaconda.org/conda-forge/linux-64/libblas-3.9.0-16_linux64_mkl.tar.bz2#85f61af03fd291dae33150ffe89dc09a
https://conda.anaconda.org/conda-forge/linux-64/mkl-devel-2022.1.0-ha770c72_916.tar.bz2#69ba49e445f87aea2cba343a71a35ca2
https://conda.anaconda.org/conda-forge/noarch/oauthlib-3.2.2-pyhd8ed1ab_0.tar.bz2#8f882b197fd9c4941a787926baea4868
https://conda.anaconda.org/conda-forge/noarch/pyopenssl-24.2.1-pyhd8ed1ab_0.conda#3af1942211bc9c25d0160a8975203254
https://conda.anaconda.org/conda-forge/noarch/typer-0.9.4-pyhd8ed1ab_0.conda#01a14596daee2aff9cdc1167786231ea
https://conda.anaconda.org/conda-forge/noarch/urllib3-2.2.2-pyhd8ed1ab_1.conda#e804c43f58255e977093a2298e442bb8
https://conda.anaconda.org/conda-forge/noarch/virtualenv-20.21.0-pyhd8ed1ab_0.conda#cb9a711f7c9f3074fe522e5a34481e60
https://conda.anaconda.org/conda-forge/noarch/aiohttp-cors-0.7.0-py_0.tar.bz2#276767d5ffa1515c293d25bd78f22a0b
https://conda.anaconda.org/conda-forge/linux-64/aws-sdk-cpp-1.10.57-h85b1a90_19.conda#0605d3d60857fc07bd6a11e878fe0f08
https://conda.anaconda.org/conda-forge/linux-64/libcblas-3.9.0-16_linux64_mkl.tar.bz2#361bf757b95488de76c4f123805742d3
https://conda.anaconda.org/conda-forge/linux-64/liblapack-3.9.0-16_linux64_mkl.tar.bz2#a2f166748917d6d6e4707841ca1f519e
https://conda.anaconda.org/conda-forge/noarch/pathy-0.10.2-pyhd8ed1ab_0.conda#69d84b5c17aea4d7350f3536bcde7296
https://conda.anaconda.org/conda-forge/noarch/requests-2.32.3-pyhd8ed1ab_0.conda#5ede4753180c7a550a443c430dc8ab52
https://conda.anaconda.org/conda-forge/noarch/google-auth-2.32.0-pyhff2d567_0.conda#985a17f06e617d6c8dab825a39a39d00
https://conda.anaconda.org/conda-forge/noarch/huggingface_hub-0.17.3-pyhd8ed1ab_0.conda#ec7be5374ac363f63c13bfc7e78144e2
https://conda.anaconda.org/conda-forge/linux-64/libarrow-12.0.1-hb87d912_8_cpu.conda#3f3b11398fe79b578e3c44dd00a44e4a
https://conda.anaconda.org/conda-forge/linux-64/liblapacke-3.9.0-16_linux64_mkl.tar.bz2#44ccc4d4dca6a8d57fa17442bc64b5a1
https://conda.anaconda.org/conda-forge/linux-64/numpy-1.25.2-py310ha4c1d20_0.conda#188e72aa313da668464e35309e9a32b0
https://conda.anaconda.org/conda-forge/noarch/requests-oauthlib-2.0.0-pyhd8ed1ab_0.conda#87ce3f09ae7e1d3d0f748a1a634ea3b7
https://conda.anaconda.org/conda-forge/noarch/weasel-0.3.4-pyhd8ed1ab_0.conda#a53c82e61a1173c887e84fc50842eec4
https://conda.anaconda.org/conda-forge/linux-64/blas-devel-3.9.0-16_linux64_mkl.tar.bz2#3f92c1c9e1c0e183462c5071aa02cae1
https://conda.anaconda.org/conda-forge/linux-64/cython-blis-0.7.10-py310h1f7b6fc_2.conda#6a0165d9e76c443ed66d2e8b733aa133
https://conda.anaconda.org/conda-forge/noarch/google-api-core-2.19.1-pyhd8ed1ab_0.conda#3a194e077990a1e3a70d83ef09d8bcf9
https://conda.anaconda.org/conda-forge/noarch/google-auth-oauthlib-1.0.0-pyhd8ed1ab_1.conda#569e62e95b01b53e4ec7d9abe83b7385
https://conda.anaconda.org/conda-forge/linux-64/h5py-3.11.0-nompi_py310hf054cd7_102.conda#f74f9a0a4d713f5eec89917883f4ae7e
https://conda.anaconda.org/conda-forge/linux-64/numba-0.58.1-py310h7dc5dd1_0.conda#98dd733faaeedc0730013b22b0ad4d7b
https://conda.anaconda.org/conda-forge/noarch/opt_einsum-3.3.0-pyhc1e730c_2.conda#7a94ac68b892daa9f17ae8a52b31ed81
https://conda.anaconda.org/conda-forge/linux-64/pandas-2.1.3-py310hcc13569_0.conda#30a39c1064e5efc578d83c2a5f7cd749
https://conda.anaconda.org/conda-forge/noarch/patsy-0.5.6-pyhd8ed1ab_0.conda#a5b55d1cb110cdcedc748b5c3e16e687
https://conda.anaconda.org/conda-forge/linux-64/pyarrow-12.0.1-py310h0576679_8_cpu.conda#27f55ccfd038d6665facb04a0aa572c5
https://conda.anaconda.org/conda-forge/linux-64/ray-core-2.8.1-py310h2ca9b2b_1.conda#dcc5f15b085a367c55ff856b51b706ce
https://conda.anaconda.org/conda-forge/linux-64/scipy-1.9.3-py310hdfbd76f_2.tar.bz2#0582a434d03f6b06d5defbb142c96f4f
https://conda.anaconda.org/conda-forge/linux-64/tokenizers-0.14.1-py310h320607d_2.conda#c6b00e965b0e042ddf89cd11acf16010
https://conda.anaconda.org/conda-forge/linux-64/blas-2.116-mkl.tar.bz2#c196a26abf6b4f132c88828ab7c2231c
https://conda.anaconda.org/conda-forge/noarch/datasets-2.14.4-pyhd8ed1ab_0.conda#3e087f072ce03c43a9b60522f5d0ca2f
https://conda.anaconda.org/conda-forge/linux-64/gensim-4.3.2-py310hcc13569_1.conda#c7152126142f13079691d53926124b99
https://conda.anaconda.org/conda-forge/linux-64/lightgbm-4.1.0-py310hc6cd4ac_2.conda#44054ee5a0e9ebdbe5982304eb18296c
https://conda.anaconda.org/conda-forge/noarch/opencensus-0.11.3-pyhd8ed1ab_0.conda#17ec70761b45b88869622e09442b19f6
https://conda.anaconda.org/conda-forge/linux-64/scikit-learn-1.3.2-py310h1fdf081_2.conda#38f32271177dbc006e3f2bb340e58f1e
https://conda.anaconda.org/conda-forge/linux-64/statsmodels-0.14.0-py310h1f7b6fc_3.conda#fc27f350905658ace8509492e072441e
https://conda.anaconda.org/conda-forge/noarch/tensorboard-2.13.0-pyhd8ed1ab_0.conda#321151b2405f11ec6681a9a6f30822b4
https://conda.anaconda.org/conda-forge/linux-64/thinc-8.2.5-py310h9fd543b_0.conda#e5cb891bfb710c61e64e0c68661ea1be
https://conda.anaconda.org/pytorch/linux-64/pytorch-2.1.1-py3.10_cpu_0.tar.bz2#fc64cb884855bc874a7a3c6c7a81ede1
https://conda.anaconda.org/conda-forge/linux-64/ray-default-2.8.1-py310ha1e06c9_1.conda#2da2bc118ab80ab296b97b247b60e4fb
https://conda.anaconda.org/conda-forge/linux-64/spacy-3.7.2-py310hcb52e73_0.conda#c966d5a09c130d0bcfce4126643ddc74
https://conda.anaconda.org/conda-forge/linux-64/tensorflow-base-2.13.1-cpu_py310h3c6a6a6_1.conda#f42968cb545739114dab69a8899277bd
https://conda.anaconda.org/conda-forge/noarch/transformers-4.35.2-pyhd8ed1ab_0.conda#eac12c11dc229eed493e680907557d10
https://conda.anaconda.org/conda-forge/noarch/accelerate-0.25.0-pyhd8ed1ab_0.conda#8c9672e3bf9b4de65e6f5571ce02b196
https://conda.anaconda.org/conda-forge/linux-64/tensorflow-estimator-2.13.1-cpu_py310haacee6a_1.conda#5ab0fe7efb2637b77bd9544ac3e966c3
https://conda.anaconda.org/conda-forge/noarch/torchmetrics-1.4.0.post0-pyhd8ed1ab_0.conda#d34270507b8985fd868146d3882e447c
https://conda.anaconda.org/conda-forge/noarch/pytorch-lightning-2.1.1-pyhd8ed1ab_0.conda#740dac40f5546d3cc7d678c2178a8033
https://conda.anaconda.org/conda-forge/linux-64/tensorflow-2.13.1-cpu_py310hd1aba9c_1.conda#61fa6ec5dc6ffefaf43ebb07743147de
